# THIS IS AN AUTOGENERATED FILE. DO NOT EDIT THIS FILE DIRECTLY.
# yarn lockfile v1


"@esbuild/android-arm64@0.19.3":
  version "0.19.3"
  resolved "https://registry.yarnpkg.com/@esbuild/android-arm64/-/android-arm64-0.19.3.tgz#91a3b1b4a68c01ffdd5d8ffffb0a83178a366ae0"
  integrity sha512-w+Akc0vv5leog550kjJV9Ru+MXMR2VuMrui3C61mnysim0gkFCPOUTAfzTP0qX+HpN9Syu3YA3p1hf3EPqObRw==

"@esbuild/android-arm@0.19.3":
  version "0.19.3"
  resolved "https://registry.yarnpkg.com/@esbuild/android-arm/-/android-arm-0.19.3.tgz#08bd09f2ebc312422f4e94ae954821f9cf37b39e"
  integrity sha512-Lemgw4io4VZl9GHJmjiBGzQ7ONXRfRPHcUEerndjwiSkbxzrpq0Uggku5MxxrXdwJ+pTj1qyw4jwTu7hkPsgIA==

"@esbuild/android-x64@0.19.3":
  version "0.19.3"
  resolved "https://registry.yarnpkg.com/@esbuild/android-x64/-/android-x64-0.19.3.tgz#b1dffec99ed5505fc57561e8758b449dba4924fe"
  integrity sha512-FKQJKkK5MXcBHoNZMDNUAg1+WcZlV/cuXrWCoGF/TvdRiYS4znA0m5Il5idUwfxrE20bG/vU1Cr5e1AD6IEIjQ==

"@esbuild/darwin-arm64@0.19.3":
  version "0.19.3"
  resolved "https://registry.yarnpkg.com/@esbuild/darwin-arm64/-/darwin-arm64-0.19.3.tgz#2e0db5ad26313c7f420f2cd76d9d263fc49cb549"
  integrity sha512-kw7e3FXU+VsJSSSl2nMKvACYlwtvZB8RUIeVShIEY6PVnuZ3c9+L9lWB2nWeeKWNNYDdtL19foCQ0ZyUL7nqGw==

"@esbuild/darwin-x64@0.19.3":
  version "0.19.3"
  resolved "https://registry.npmjs.org/@esbuild/darwin-x64/-/darwin-x64-0.19.3.tgz"
  integrity sha512-tPfZiwF9rO0jW6Jh9ipi58N5ZLoSjdxXeSrAYypy4psA2Yl1dAMhM71KxVfmjZhJmxRjSnb29YlRXXhh3GqzYw==

"@esbuild/freebsd-arm64@0.19.3":
  version "0.19.3"
  resolved "https://registry.yarnpkg.com/@esbuild/freebsd-arm64/-/freebsd-arm64-0.19.3.tgz#cf8b58ba5173440ea6124a3d0278bfe4ce181c20"
  integrity sha512-ERDyjOgYeKe0Vrlr1iLrqTByB026YLPzTytDTz1DRCYM+JI92Dw2dbpRHYmdqn6VBnQ9Bor6J8ZlNwdZdxjlSg==

"@esbuild/freebsd-x64@0.19.3":
  version "0.19.3"
  resolved "https://registry.yarnpkg.com/@esbuild/freebsd-x64/-/freebsd-x64-0.19.3.tgz#3f283099810ef1b8468cd1a9400c042e3f12e2a7"
  integrity sha512-nXesBZ2Ad1qL+Rm3crN7NmEVJ5uvfLFPLJev3x1j3feCQXfAhoYrojC681RhpdOph8NsvKBBwpYZHR7W0ifTTA==

"@esbuild/linux-arm64@0.19.3":
  version "0.19.3"
  resolved "https://registry.yarnpkg.com/@esbuild/linux-arm64/-/linux-arm64-0.19.3.tgz#a8b3aa69653ac504a51aa73739fb06de3a04d1ff"
  integrity sha512-qXvYKmXj8GcJgWq3aGvxL/JG1ZM3UR272SdPU4QSTzD0eymrM7leiZH77pvY3UetCy0k1xuXZ+VPvoJNdtrsWQ==

"@esbuild/linux-arm@0.19.3":
  version "0.19.3"
  resolved "https://registry.yarnpkg.com/@esbuild/linux-arm/-/linux-arm-0.19.3.tgz#ff6a2f68d4fc3ab46f614bca667a1a81ed6eea26"
  integrity sha512-zr48Cg/8zkzZCzDHNxXO/89bf9e+r4HtzNUPoz4GmgAkF1gFAFmfgOdCbR8zMbzFDGb1FqBBhdXUpcTQRYS1cQ==

"@esbuild/linux-ia32@0.19.3":
  version "0.19.3"
  resolved "https://registry.yarnpkg.com/@esbuild/linux-ia32/-/linux-ia32-0.19.3.tgz#5813baf70e406304e8931b200e39d0293b488073"
  integrity sha512-7XlCKCA0nWcbvYpusARWkFjRQNWNGlt45S+Q18UeS///K6Aw8bB2FKYe9mhVWy/XLShvCweOLZPrnMswIaDXQA==

"@esbuild/linux-loong64@0.19.3":
  version "0.19.3"
  resolved "https://registry.yarnpkg.com/@esbuild/linux-loong64/-/linux-loong64-0.19.3.tgz#21110f29b5e31dc865c7253fde8a2003f7e8b6fd"
  integrity sha512-qGTgjweER5xqweiWtUIDl9OKz338EQqCwbS9c2Bh5jgEH19xQ1yhgGPNesugmDFq+UUSDtWgZ264st26b3de8A==

"@esbuild/linux-mips64el@0.19.3":
  version "0.19.3"
  resolved "https://registry.yarnpkg.com/@esbuild/linux-mips64el/-/linux-mips64el-0.19.3.tgz#4530fc416651eadeb1acc27003c00eac769eb8fd"
  integrity sha512-gy1bFskwEyxVMFRNYSvBauDIWNggD6pyxUksc0MV9UOBD138dKTzr8XnM2R4mBsHwVzeuIH8X5JhmNs2Pzrx+A==

"@esbuild/linux-ppc64@0.19.3":
  version "0.19.3"
  resolved "https://registry.yarnpkg.com/@esbuild/linux-ppc64/-/linux-ppc64-0.19.3.tgz#facf910b0d397e391b37b01a1b4f6e363b04e56b"
  integrity sha512-UrYLFu62x1MmmIe85rpR3qou92wB9lEXluwMB/STDzPF9k8mi/9UvNsG07Tt9AqwPQXluMQ6bZbTzYt01+Ue5g==

"@esbuild/linux-riscv64@0.19.3":
  version "0.19.3"
  resolved "https://registry.yarnpkg.com/@esbuild/linux-riscv64/-/linux-riscv64-0.19.3.tgz#4a67abe97a495430d5867340982f5424a64f2aac"
  integrity sha512-9E73TfyMCbE+1AwFOg3glnzZ5fBAFK4aawssvuMgCRqCYzE0ylVxxzjEfut8xjmKkR320BEoMui4o/t9KA96gA==

"@esbuild/linux-s390x@0.19.3":
  version "0.19.3"
  resolved "https://registry.yarnpkg.com/@esbuild/linux-s390x/-/linux-s390x-0.19.3.tgz#c5fb47474b9f816d81876c119dbccadf671cc5f6"
  integrity sha512-LlmsbuBdm1/D66TJ3HW6URY8wO6IlYHf+ChOUz8SUAjVTuaisfuwCOAgcxo3Zsu3BZGxmI7yt//yGOxV+lHcEA==

"@esbuild/linux-x64@0.19.3":
  version "0.19.3"
  resolved "https://registry.yarnpkg.com/@esbuild/linux-x64/-/linux-x64-0.19.3.tgz#f22d659969ab78dc422f1df8d9a79bc1e7b12ee3"
  integrity sha512-ogV0+GwEmvwg/8ZbsyfkYGaLACBQWDvO0Kkh8LKBGKj9Ru8VM39zssrnu9Sxn1wbapA2qNS6BiLdwJZGouyCwQ==

"@esbuild/netbsd-x64@0.19.3":
  version "0.19.3"
  resolved "https://registry.yarnpkg.com/@esbuild/netbsd-x64/-/netbsd-x64-0.19.3.tgz#e9b046934996991f46b8c1cadac815aa45f84fd4"
  integrity sha512-o1jLNe4uzQv2DKXMlmEzf66Wd8MoIhLNO2nlQBHLtWyh2MitDG7sMpfCO3NTcoTMuqHjfufgUQDFRI5C+xsXQw==

"@esbuild/openbsd-x64@0.19.3":
  version "0.19.3"
  resolved "https://registry.yarnpkg.com/@esbuild/openbsd-x64/-/openbsd-x64-0.19.3.tgz#b287ef4841fc1067bbbd9a60549e8f9cf1b7ee3a"
  integrity sha512-AZJCnr5CZgZOdhouLcfRdnk9Zv6HbaBxjcyhq0StNcvAdVZJSKIdOiPB9az2zc06ywl0ePYJz60CjdKsQacp5Q==

"@esbuild/sunos-x64@0.19.3":
  version "0.19.3"
  resolved "https://registry.yarnpkg.com/@esbuild/sunos-x64/-/sunos-x64-0.19.3.tgz#b2b8ba7d27907c7245f6e57dc62f3b88693f84b0"
  integrity sha512-Acsujgeqg9InR4glTRvLKGZ+1HMtDm94ehTIHKhJjFpgVzZG9/pIcWW/HA/DoMfEyXmANLDuDZ2sNrWcjq1lxw==

"@esbuild/win32-arm64@0.19.3":
  version "0.19.3"
  resolved "https://registry.yarnpkg.com/@esbuild/win32-arm64/-/win32-arm64-0.19.3.tgz#1974c8c180c9add4962235662c569fcc4c8f43dd"
  integrity sha512-FSrAfjVVy7TifFgYgliiJOyYynhQmqgPj15pzLyJk8BUsnlWNwP/IAy6GAiB1LqtoivowRgidZsfpoYLZH586A==

"@esbuild/win32-ia32@0.19.3":
  version "0.19.3"
  resolved "https://registry.yarnpkg.com/@esbuild/win32-ia32/-/win32-ia32-0.19.3.tgz#b02cc2dd8b6aed042069680f01f45fdfd3de5bc4"
  integrity sha512-xTScXYi12xLOWZ/sc5RBmMN99BcXp/eEf7scUC0oeiRoiT5Vvo9AycuqCp+xdpDyAU+LkrCqEpUS9fCSZF8J3Q==

"@esbuild/win32-x64@0.19.3":
  version "0.19.3"
  resolved "https://registry.yarnpkg.com/@esbuild/win32-x64/-/win32-x64-0.19.3.tgz#e5036be529f757e58d9a7771f2f1b14782986a74"
  integrity sha512-FbUN+0ZRXsypPyWE2IwIkVjDkDnJoMJARWOcFZn4KPPli+QnKqF0z1anvfaYe3ev5HFCpRDLLBDHyOALLppWHw==

"@hotwired/stimulus@^3.2.1":
  version "3.2.1"
  resolved "https://registry.npmjs.org/@hotwired/stimulus/-/stimulus-3.2.1.tgz"
  integrity sha512-HGlzDcf9vv/EQrMJ5ZG6VWNs8Z/xMN+1o2OhV1gKiSG6CqZt5MCBB1gRg5ILiN3U0jEAxuDTNPRfBcnZBDmupQ==

"@hotwired/turbo-rails@^7.3.0":
  version "7.3.0"
  resolved "https://registry.npmjs.org/@hotwired/turbo-rails/-/turbo-rails-7.3.0.tgz"
  integrity sha512-fvhO64vp/a2UVQ3jue9WTc2JisMv9XilIC7ViZmXAREVwiQ2S4UC7Go8f9A1j4Xu7DBI6SbFdqILk5ImqVoqyA==
  dependencies:
    "@hotwired/turbo" "^7.3.0"
    "@rails/actioncable" "^7.0"

"@hotwired/turbo@^7.3.0":
  version "7.3.0"
  resolved "https://registry.npmjs.org/@hotwired/turbo/-/turbo-7.3.0.tgz"
  integrity sha512-Dcu+NaSvHLT7EjrDrkEmH4qET2ZJZ5IcCWmNXxNQTBwlnE5tBZfN6WxZ842n5cHV52DH/AKNirbPBtcEXDLW4g==

"@orchidjs/sifter@^1.0.3":
  version "1.0.3"
  resolved "https://registry.npmjs.org/@orchidjs/sifter/-/sifter-1.0.3.tgz"
  integrity sha512-zCZbwKegHytfsPm8Amcfh7v/4vHqTAaOu6xFswBYcn8nznBOuseu6COB2ON7ez0tFV0mKL0nRNnCiZZA+lU9/g==
  dependencies:
    "@orchidjs/unicode-variants" "^1.0.4"

"@orchidjs/unicode-variants@^1.0.4":
  version "1.0.4"
  resolved "https://registry.npmjs.org/@orchidjs/unicode-variants/-/unicode-variants-1.0.4.tgz"
  integrity sha512-NvVBRnZNE+dugiXERFsET1JlKZfM5lJDEpSMilKW4bToYJ7pxf0Zne78xyXB2ny2c2aHfJ6WLnz1AaTNHAmQeQ==

"@rails/actioncable@^7.0":
  version "7.0.5"
  resolved "https://registry.npmjs.org/@rails/actioncable/-/actioncable-7.0.5.tgz"
  integrity sha512-SOBA2heB9lTw0VYIx8M/ed7inSf4I9sR8OIlJprhgkfQ3WJtrxPJ6DDATR1Z3RYaIR7HlT2Olj08v1lfGIGuHA==

"@rails/ujs@^7.0.8":
  version "7.0.8"
  resolved "https://registry.npmjs.org/@rails/ujs/-/ujs-7.0.8.tgz"
  integrity sha512-tOQQBVH8LsUpGXqDnk+kaOGVsgZ8maHAhEiw3Git3p88q+c0Slgu47HuDnL6sVxeCfz24zbq7dOjsVYDiTpDIA==

"@types/imagesloaded@^4.1.3":
  version "4.1.3"
  resolved "https://registry.npmjs.org/@types/imagesloaded/-/imagesloaded-4.1.3.tgz"
  integrity sha512-s2h+YxQidMPRMXq3o/ZmrNPP3l6RivUST4i9WpmDXw+B+LqvDTvbLzd3F6451mp1n5VBHZp4NIoCSn1JknzXHg==
  dependencies:
    "@types/jquery" "*"

"@types/jquery@*", "@types/jquery@^3.5.19":
  version "3.5.19"
  resolved "https://registry.npmjs.org/@types/jquery/-/jquery-3.5.19.tgz"
  integrity sha512-KFbmk+dXfphHGuVCmlopgcNRCegN/21mkeoD4BzuJhVH0SJW3Uo2mLuAwb6oqTNV79EsRp6J7yC1BbKymjpx/g==
  dependencies:
    "@types/sizzle" "*"

"@types/js-cookie@^3.0.4":
  version "3.0.4"
  resolved "https://registry.npmjs.org/@types/js-cookie/-/js-cookie-3.0.4.tgz"
  integrity sha512-vMMnFF+H5KYqdd/myCzq6wLDlPpteJK+jGFgBus3Da7lw+YsDmx2C8feGTzY2M3Fo823yON+HC2CL240j4OV+w==

"@types/rails__ujs@^6.0.2":
  version "6.0.2"
  resolved "https://registry.npmjs.org/@types/rails__ujs/-/rails__ujs-6.0.2.tgz"
  integrity sha512-ID5IXmBJE6C4ZxiwQ9QcxtcrbGcDjhhdmeq7hgM5mmTcPktA9qYiQvYfCW0UD+akgtDagREAYKohbdnYv11wpQ==

"@types/sizzle@*":
  version "2.3.3"
  resolved "https://registry.npmjs.org/@types/sizzle/-/sizzle-2.3.3.tgz"
  integrity sha512-JYM8x9EGF163bEyhdJBpR2QX1R5naCJHC8ucJylJ3w9/CVBaskdQ8WqBf8MmQrd1kRvp/a4TS8HJ+bxzR7ZJYQ==

"@types/summernote@^0.8.8":
  version "0.8.8"
  resolved "https://registry.npmjs.org/@types/summernote/-/summernote-0.8.8.tgz"
  integrity sha512-w5ipdaF5Nip1KLCCznrcxqDqxS6jeN7beTxF32M35sIyYdpL+E+X+W18D3MoZrL64qhYu8T9ctB2FzaGCkMYcg==
  dependencies:
    "@types/jquery" "*"

animate.css@^4.1.1:
  version "4.1.1"
  resolved "https://registry.npmjs.org/animate.css/-/animate.css-4.1.1.tgz"
  integrity sha512-+mRmCTv6SbCmtYJCN4faJMNFVNN5EuCTTprDTAo7YzIGji2KADmakjVA3+8mVDkZ2Bf09vayB35lSQIex2+QaQ==

apollojs@^1.3.0:
  version "1.3.0"
  resolved "https://registry.npmjs.org/apollojs/-/apollojs-1.3.0.tgz"
  integrity sha512-JdOcRdRu7nTQDgcG0JbVbTAgIkBcg19GnibUBinf2+eSdjfShZeuX7xPf9D9ndM2FUYTvw+Mb+m8glgbHHddag==

blueimp-canvas-to-blob@3:
  version "3.29.0"
  resolved "https://registry.npmjs.org/blueimp-canvas-to-blob/-/blueimp-canvas-to-blob-3.29.0.tgz"
  integrity sha512-0pcSSGxC0QxT+yVkivxIqW0Y4VlO2XSDPofBAqoJ1qJxgH9eiUDLv50Rixij2cDuEfx4M6DpD9UGZpRhT5Q8qg==

blueimp-file-upload@^10.32.0:
  version "10.32.0"
  resolved "https://registry.npmjs.org/blueimp-file-upload/-/blueimp-file-upload-10.32.0.tgz"
  integrity sha512-3WMJw5Cbfz94Adl1OeyH+rRpGwHiNHzja+CR6aRWPoAtwrUwvP5gXKo0XdX+sdPE+iCU63Xmba88hoHQmzY8RQ==
  optionalDependencies:
    blueimp-canvas-to-blob "3"
    blueimp-load-image "5"
    blueimp-tmpl "3"

blueimp-load-image@5:
  version "5.16.0"
  resolved "https://registry.npmjs.org/blueimp-load-image/-/blueimp-load-image-5.16.0.tgz"
  integrity sha512-3DUSVdOtlfNRk7moRZuTwDmA3NnG8KIJuLcq3c0J7/BIr6X3Vb/EpX3kUH1joxUhmoVF4uCpDfz7wHkz8pQajA==

blueimp-tmpl@3:
  version "3.20.0"
  resolved "https://registry.npmjs.org/blueimp-tmpl/-/blueimp-tmpl-3.20.0.tgz"
  integrity sha512-g6ln9L+VX8ZA4WA8mgKMethYH+5teroJ2uOkCvcthy9Y9d9LrQ42OAMn+r3ECKu9CB+xe9GOChlIUJBSxwkI6g==

bootbox@^6.0.0:
  version "6.0.0"
  resolved "https://registry.npmjs.org/bootbox/-/bootbox-6.0.0.tgz"
  integrity sha512-+Calbj1v5UvxAXXDAHfoBlsx63Hcz1JqHaZdJ5EjIcOlkyAbZLCreVScx0Em6ZUvsMCqynuz/3nGDyd9FtFrNQ==

bootstrap-datepicker@^1.9.0:
  version "1.10.0"
  resolved "https://registry.npmjs.org/bootstrap-datepicker/-/bootstrap-datepicker-1.10.0.tgz"
  integrity sha512-lWxtSYddAQOpbAO8UhYhHLcK6425eWoSjb5JDvZU3ePHEPF6A3eUr51WKaFy4PccU19JRxUG6wEU3KdhtKfvpg==
  dependencies:
    jquery ">=3.4.0 <4.0.0"

bootstrap-daterangepicker@^3.1.0:
  version "3.1.0"
  resolved "https://registry.npmjs.org/bootstrap-daterangepicker/-/bootstrap-daterangepicker-3.1.0.tgz"
  integrity sha512-oaQZx6ZBDo/dZNyXGVi2rx5GmFXThyQLAxdtIqjtLlYVaQUfQALl5JZMJJZzyDIX7blfy4ppZPAJ10g8Ma4d/g==
  dependencies:
    jquery ">=1.10"
    moment "^2.9.0"

bootstrap-horizon@^1.0.1:
  version "1.0.1"
  resolved "https://registry.npmjs.org/bootstrap-horizon/-/bootstrap-horizon-1.0.1.tgz"
  integrity sha512-dgeqCoHDZ0sOly9c4zD7S6LOWbGsvwHdi4E63npam6Ca+lklesbACmyh228rpPaphOfN2+6mlfn8kCrtMLAPyQ==

bootstrap-jasny@^3.2.0:
  version "3.2.0"
  resolved "https://registry.npmjs.org/bootstrap-jasny/-/bootstrap-jasny-3.2.0.tgz"
  integrity sha512-52oRsvWLEqz7nx5Ovsuz9DtT/y4PYjH46g3sbpKJ2JR4EgO4GN5qFJONQKixnG4OPQecoJizZgEjVpfPDJ/nQg==

bootstrap-validator@^0.11.9:
  version "0.11.9"
  resolved "https://registry.npmjs.org/bootstrap-validator/-/bootstrap-validator-0.11.9.tgz"
  integrity sha512-BJlnaTeFNr5+SNtZ71DNaiFx7qY0X2c7m/KvZE1GiVXbyD8PihJlALvS6TeRGUs8mY8qga/LrhG80N9dw8UWqA==

css-element-queries@^1.0.2:
  version "1.2.3"
  resolved "https://registry.npmjs.org/css-element-queries/-/css-element-queries-1.2.3.tgz"
  integrity sha512-QK9uovYmKTsV2GXWQiMOByVNrLn2qz6m3P7vWpOR4IdD6I3iXoDw5qtgJEN3Xq7gIbdHVKvzHjdAtcl+4Arc4Q==

datatables.net-bs@>=1.13.4, datatables.net-bs@^1.12.1:
  version "1.13.6"
  resolved "https://registry.npmjs.org/datatables.net-bs/-/datatables.net-bs-1.13.6.tgz"
  integrity sha512-ohESuDtcrrNH56vGTErMUQklkzOVvKC5wyuaDApMruYc542IvESfalMOWKOChcAhGkhyXP9P9ZEr0AaDqQ7+Qw==
  dependencies:
    datatables.net ">=1.13.4"
    jquery ">=1.7"

datatables.net-rowgroup-bs@^1.4.0:
  version "1.4.1"
  resolved "https://registry.npmjs.org/datatables.net-rowgroup-bs/-/datatables.net-rowgroup-bs-1.4.1.tgz"
  integrity sha512-729VxFUHrXw1W8jVvNIjekPRFVFo3eXtG8eawZFty79KQi1Sy7VVE33XvwZ8bbnjU3DAYoEYXf+LD4sOeQPcaQ==
  dependencies:
    datatables.net-bs ">=1.13.4"
    datatables.net-rowgroup ">=1.3.1"
    jquery ">=1.7"

datatables.net-rowgroup@>=1.3.1:
  version "1.4.1"
  resolved "https://registry.npmjs.org/datatables.net-rowgroup/-/datatables.net-rowgroup-1.4.1.tgz"
  integrity sha512-nwcQbh1IttKyEedmObOKnskvriis3DBKsBRpiSoZO3EvRlZ69wnW9WQhw9/WxPnOUjATO3gJ/n7DMrLoGsKdDA==
  dependencies:
    datatables.net ">=1.13.4"
    jquery ">=1.7"

datatables.net@>=1.13.4:
  version "1.13.6"
  resolved "https://registry.npmjs.org/datatables.net/-/datatables.net-1.13.6.tgz"
  integrity sha512-rHNcnW+yEP9me82/KmRcid5eKrqPqW3+I/p1TwqCW3c/7GRYYkDyF6aJQOQ9DNS/pw+nyr4BVpjyJ3yoZXiFPg==
  dependencies:
    jquery ">=1.7"

entities@^1.1.1:
  version "1.1.2"
  resolved "https://registry.npmjs.org/entities/-/entities-1.1.2.tgz"
  integrity sha512-f2LZMYl1Fzu7YSBKg+RoROelpOaNrcGmE9AZubeDfrCEia483oW4MI4VyFd5VNHIgQ/7qm1I0wUHK1eJnn2y2w==

esbuild@0.19.3:
  version "0.19.3"
  resolved "https://registry.npmjs.org/esbuild/-/esbuild-0.19.3.tgz"
  integrity sha512-UlJ1qUUA2jL2nNib1JTSkifQTcYTroFqRjwCFW4QYEKEsixXD5Tik9xML7zh2gTxkYTBKGHNH9y7txMwVyPbjw==
  optionalDependencies:
    "@esbuild/android-arm" "0.19.3"
    "@esbuild/android-arm64" "0.19.3"
    "@esbuild/android-x64" "0.19.3"
    "@esbuild/darwin-arm64" "0.19.3"
    "@esbuild/darwin-x64" "0.19.3"
    "@esbuild/freebsd-arm64" "0.19.3"
    "@esbuild/freebsd-x64" "0.19.3"
    "@esbuild/linux-arm" "0.19.3"
    "@esbuild/linux-arm64" "0.19.3"
    "@esbuild/linux-ia32" "0.19.3"
    "@esbuild/linux-loong64" "0.19.3"
    "@esbuild/linux-mips64el" "0.19.3"
    "@esbuild/linux-ppc64" "0.19.3"
    "@esbuild/linux-riscv64" "0.19.3"
    "@esbuild/linux-s390x" "0.19.3"
    "@esbuild/linux-x64" "0.19.3"
    "@esbuild/netbsd-x64" "0.19.3"
    "@esbuild/openbsd-x64" "0.19.3"
    "@esbuild/sunos-x64" "0.19.3"
    "@esbuild/win32-arm64" "0.19.3"
    "@esbuild/win32-ia32" "0.19.3"
    "@esbuild/win32-x64" "0.19.3"

ev-emitter@^1.0.0:
  version "1.1.1"
  resolved "https://registry.npmjs.org/ev-emitter/-/ev-emitter-1.1.1.tgz"
  integrity sha512-ipiDYhdQSCZ4hSbX4rMW+XzNKMD1prg/sTvoVmSLkuQ1MVlwjJQQA+sW8tMYR3BLUr9KjodFV4pvzunvRhd33Q==

fast-html-parser@^1.0.1:
  version "1.0.1"
  resolved "https://registry.npmjs.org/fast-html-parser/-/fast-html-parser-1.0.1.tgz"
  integrity sha512-WuWslmykklkoqIWqHxjkzI2s+jQPlOcS1J9rlwEPhyUwmbwZzaJHySkDTTShOKbislVgPvjfrcDz/sZpkrPlZQ==
  dependencies:
    apollojs "^1.3.0"
    entities "^1.1.1"

flot-orderbars@^1.0.0:
  version "1.0.0"
  resolved "https://registry.npmjs.org/flot-orderbars/-/flot-orderbars-1.0.0.tgz"
  integrity sha512-Jv51fvzevUjNXEeozpwEKfPjhiZhfiJddv0WHjduUTCmSF+7T5K7C9c9Y1wIVmUhDBv5fLMjgbwKecT0GIKPZA==

flot@^0.8.3:
  version "0.8.3"
  resolved "https://registry.npmjs.org/flot/-/flot-0.8.3.tgz"
  integrity sha512-xg2otcTJDvS+ERK+my4wxG/ASq90QURXtoM4LhacCq0jQW2jbyjdttbRNqU2cPykrpMvJ6b2uSp6SAgYAzj9tQ==

html2rtf@^0.2.1:
  version "0.2.1"
  resolved "https://registry.npmjs.org/html2rtf/-/html2rtf-0.2.1.tgz"
  integrity sha512-Z3A++VT5SGBhUz0F4VfUclWCdVL1wbEzWdUnPVTVeju0ivyx4/hop3ciCtXSiOhGUc1ONbXT/2CH9CoGwogTWA==
  dependencies:
    fast-html-parser "^1.0.1"
    urlencode "^1.1.0"

iconv-lite@~0.4.11:
  version "0.4.24"
  resolved "https://registry.npmjs.org/iconv-lite/-/iconv-lite-0.4.24.tgz"
  integrity sha512-v3MXnZAcvnywkTUEZomIActle7RXXeedOR31wwl7VlyoXO4Qi9arvSenNQWne1TcRwhCL1HwLI21bEqdpj8/rA==
  dependencies:
    safer-buffer ">= 2.1.2 < 3"

imagesloaded@4.1:
  version "4.1.4"
  resolved "https://registry.npmjs.org/imagesloaded/-/imagesloaded-4.1.4.tgz"
  integrity sha512-ltiBVcYpc/TYTF5nolkMNsnREHW+ICvfQ3Yla2Sgr71YFwQ86bDwV9hgpFhFtrGPuwEx5+LqOHIrdXBdoWwwsA==
  dependencies:
    ev-emitter "^1.0.0"

jquery-csv@^1.0.21:
  version "1.0.21"
  resolved "https://registry.npmjs.org/jquery-csv/-/jquery-csv-1.0.21.tgz"
  integrity sha512-uDIFsJcC4xZEofK9pk3hwFQlyqf3FFwkQq6JIa882lf0pu/S0H4LqjCAEaULGM0uOcdCbGbMBh3b3LmPtF1a9A==

jquery-textfill@^0.6.0:
  version "0.6.0"
  resolved "https://registry.npmjs.org/jquery-textfill/-/jquery-textfill-0.6.0.tgz"
  integrity sha512-fB1BQNf72+IN+gNKWDr6V8FjfeNQGZ3synXx5HESzC6vZKERmegl5MfJFZMyUFZ61bIisDIRnVaNv2Z6FMXPkQ==

jquery-ui@^1.13.2:
  version "1.13.2"
  resolved "https://registry.npmjs.org/jquery-ui/-/jquery-ui-1.13.2.tgz"
  integrity sha512-wBZPnqWs5GaYJmo1Jj0k/mrSkzdQzKDwhXNtHKcBdAcKVxMM3KNYFq+iJ2i1rwiG53Z8M4mTn3Qxrm17uH1D4Q==
  dependencies:
    jquery ">=1.8.0 <4.0.0"

jquery.flot.tooltip@^0.9.0:
  version "0.9.0"
  resolved "https://registry.npmjs.org/jquery.flot.tooltip/-/jquery.flot.tooltip-0.9.0.tgz"
  integrity sha512-TV3umIfIPRq1UM0EUY4E/jimrh2j057J6SJB1HQnEeS64r8liec++F0WCNYsmcWDxz6Lo4E2lCA+SeOQS2W3bA==

jquery.inputmask@^3.2.7:
  version "3.3.4"
  resolved "https://registry.npmjs.org/jquery.inputmask/-/jquery.inputmask-3.3.4.tgz"
  integrity sha512-HEhTAOGntIBPSoBU+HdyJCGV/Us16/TirRL7c+cJD9yC8tsDxLWIvNLJpaHJQcVw/e3n3lg1tAGgnMxYlGCMrw==

jquery3-bootstrap-switch@^3.3.4:
  version "3.3.4"
  resolved "https://registry.npmjs.org/jquery3-bootstrap-switch/-/jquery3-bootstrap-switch-3.3.4.tgz"
  integrity sha512-SAlWrsdaqklZk/8Xj995CB0xF+dzG9cfsyXdO7qmzdscys0FfuwRKoG61E1y3EB4RjvjCaGCytsH0CdQ3gmKgw==
  dependencies:
    jquery ">=1.9.0"

jquery@>=1.10, jquery@>=1.7, jquery@>=1.8.0, "jquery@>=1.8.0 <4.0.0", jquery@>=1.9.0, "jquery@>=3.4.0 <4.0.0":
  version "3.7.1"
  resolved "https://registry.npmjs.org/jquery/-/jquery-3.7.1.tgz"
  integrity sha512-m4avr8yL8kmFN8psrbFFFmB/If14iN5o9nw/NgnnM+kybDJpRsAynV2BsfpTYrTRysYUdADVD7CkUUizgkpLfg==

js-cookie@^3.0.1:
  version "3.0.5"
  resolved "https://registry.npmjs.org/js-cookie/-/js-cookie-3.0.5.tgz"
  integrity sha512-cEiJEAEoIbWfCZYKWhVwFuvPX1gETRYPw6LlaTKoxD3s2AkXzkCjnp6h0V77ozyqj0jakteJ4YqDJT830+lVGw==

magnific-popup@^0.9.9:
  version "0.9.9"
  resolved "https://registry.npmjs.org/magnific-popup/-/magnific-popup-0.9.9.tgz"
  integrity sha512-rCjjk6pca3pfUBVGrVsC8PeyHX8V3oO7wLIkmcRkbbG0GrP/9wQt1U827sbJVGvlJGsaKTIeWhzWT6teAuAODA==

moment@^2.29.3, moment@^2.9.0:
  version "2.29.4"
  resolved "https://registry.npmjs.org/moment/-/moment-2.29.4.tgz"
  integrity sha512-5LC9SOxjSc2HF6vO2CyuTDNivEdoz2IvyJJGj6X8DJ0eFyfszE0QiEd+iXmBvUP3WHxSjFH/vIsA0EN00cgr8w==

parsleyjs@^2.0.7:
  version "2.9.2"
  resolved "https://registry.npmjs.org/parsleyjs/-/parsleyjs-2.9.2.tgz"
  integrity sha512-DKS2XXTjEUZ1BJWUzgXAr+550kFBZrom2WYweubqdV7WzdNC1hjOajZDfeBPoAZMkXumJPlB3v37IKatbiW8zQ==
  dependencies:
    jquery ">=1.8.0"

responsive-toolkit@^2.6.3:
  version "2.6.3"
  resolved "https://registry.npmjs.org/responsive-toolkit/-/responsive-toolkit-2.6.3.tgz"
  integrity sha512-D4gVvYuFOFNPslXVoEy5a3wTCUQPJFG4ecnvbkyTUHTqvSEvfVKCECp1P2pWmv9YPhMe8KOhlm2nev6AKj9tcw==

"safer-buffer@>= 2.1.2 < 3":
  version "2.1.2"
  resolved "https://registry.npmjs.org/safer-buffer/-/safer-buffer-2.1.2.tgz"
  integrity sha512-YZo3K82SD7Riyi0E1EQPojLz7kpepnSQI9IyPbHHg1XXXevb5dJI7tpyN2ADxGcQbHG7vcyRHk0cbwqcQriUtg==

select2-bootstrap-theme@^0.1.0-beta.10:
  version "0.1.0-beta.10"
  resolved "https://registry.npmjs.org/select2-bootstrap-theme/-/select2-bootstrap-theme-0.1.0-beta.10.tgz"
  integrity sha512-gc9Y9yNjkGRqeFmI/pAKyL4maMKH9VKAn62E+uF/hxz8FTmfuKH0sDEGhFhk3f8Jp+emtsDdK1c1nb6S51BV0Q==

select2@^4.0.0:
  version "4.0.13"
  resolved "https://registry.npmjs.org/select2/-/select2-4.0.13.tgz"
  integrity sha512-1JeB87s6oN/TDxQQYCvS5EFoQyvV6eYMZZ0AeA4tdFDYWN3BAGZ8npr17UBFddU0lgAt3H0yjX3X6/ekOj1yjw==

summernote@^0.8.20:
  version "0.8.20"
  resolved "https://registry.npmjs.org/summernote/-/summernote-0.8.20.tgz"
  integrity sha512-W9RhjQjsn+b1s9xiJQgJbCiYGJaDAc9CdEqXo+D13WuStG8lCdtKaO5AiNiSSMJsQJN2EfGSwbBQt+SFE2B8Kw==

tom-select@^2.2.2:
  version "2.2.2"
  resolved "https://registry.npmjs.org/tom-select/-/tom-select-2.2.2.tgz"
  integrity sha512-igGah1yY6yhrnN2h/Ky8I5muw/nE/YQxIsEZoYu5qaA4bsRibvKto3s8QZZosKpOd0uO8fNYhRfAwgHB4IAYew==
  dependencies:
    "@orchidjs/sifter" "^1.0.3"
    "@orchidjs/unicode-variants" "^1.0.4"

typescript@^5.2.2:
  version "5.2.2"
  resolved "https://registry.npmjs.org/typescript/-/typescript-5.2.2.tgz"
  integrity sha512-mI4WrpHsbCIcwT9cF4FZvr80QUeKvsUsUvKDoR+X/7XHQH98xYD8YHZg7ANtz2GtZt/CBq2QJ0thkGJMHfqc1w==

underscore@^1.13.3:
  version "1.13.6"
  resolved "https://registry.npmjs.org/underscore/-/underscore-1.13.6.tgz"
  integrity sha512-+A5Sja4HP1M08MaXya7p5LvjuM7K6q/2EaC0+iovj/wOcMsTzMvDFbasi/oSapiwOlt252IqsKqPjCl7huKS0A==

urlencode@^1.1.0:
  version "1.1.0"
  resolved "https://registry.npmjs.org/urlencode/-/urlencode-1.1.0.tgz"
  integrity sha512-OOAOh9owHXr/rCN1tteSnYwIvsrGHamSz0hafMhmQa7RcS4+Ets6/2iVClVGjt9jkDW84UqoMw/Gmpc7QolX6A==
  dependencies:
    iconv-lite "~0.4.11"
